// !$*UTF8*$!
{
	archiveVersion = 1;
	classes = {
	};
	objectVersion = 56;
	objects = {

/* Begin PBXBuildFile section */
		2382B5402925923D00340D8B /* README.md in Resources */ = {isa = PBXBuildFile; fileRef = 2382B53F2925923D00340D8B /* README.md */; };
		2382B544292597FC00340D8B /* HTTPMethod.swift in Sources */ = {isa = PBXBuildFile; fileRef = 2382B543292597FC00340D8B /* HTTPMethod.swift */; };
		2382B5462925981000340D8B /* AbsolutePath.swift in Sources */ = {isa = PBXBuildFile; fileRef = 2382B5452925981000340D8B /* AbsolutePath.swift */; };
		2382B5482925982200340D8B /* Server.swift in Sources */ = {isa = PBXBuildFile; fileRef = 2382B5472925982200340D8B /* Server.swift */; };
		2382B54A2925983B00340D8B /* HeaderComponent.swift in Sources */ = {isa = PBXBuildFile; fileRef = 2382B5492925983B00340D8B /* HeaderComponent.swift */; };
		2382B54C2925985100340D8B /* NetworkError.swift in Sources */ = {isa = PBXBuildFile; fileRef = 2382B54B2925985100340D8B /* NetworkError.swift */; };
		2382B55029259A4100340D8B /* Logger.swift in Sources */ = {isa = PBXBuildFile; fileRef = 2382B54F29259A4100340D8B /* Logger.swift */; };
		2382B55329259A6200340D8B /* LoggerProviderType.swift in Sources */ = {isa = PBXBuildFile; fileRef = 2382B55229259A6200340D8B /* LoggerProviderType.swift */; };
		2382B55529259A7C00340D8B /* LocalLoggerProvider.swift in Sources */ = {isa = PBXBuildFile; fileRef = 2382B55429259A7C00340D8B /* LocalLoggerProvider.swift */; };
		2382B55829259ABD00340D8B /* PrettyPrintedLog+Extension.swift in Sources */ = {isa = PBXBuildFile; fileRef = 2382B55729259ABD00340D8B /* PrettyPrintedLog+Extension.swift */; };
		2382B55A29259ACE00340D8B /* Encodable+Extension.swift in Sources */ = {isa = PBXBuildFile; fileRef = 2382B55929259ACE00340D8B /* Encodable+Extension.swift */; };
		2382B55C29259ADE00340D8B /* String+Extension.swift in Sources */ = {isa = PBXBuildFile; fileRef = 2382B55B29259ADE00340D8B /* String+Extension.swift */; };
		2382B56229259B9C00340D8B /* HomeViewController.swift in Sources */ = {isa = PBXBuildFile; fileRef = 2382B56029259B9C00340D8B /* HomeViewController.swift */; };
		2382B56329259B9C00340D8B /* HomeViewController.xib in Resources */ = {isa = PBXBuildFile; fileRef = 2382B56129259B9C00340D8B /* HomeViewController.xib */; };
		2382B56929259DD800340D8B /* UIViewController+Extensions.swift in Sources */ = {isa = PBXBuildFile; fileRef = 2382B56829259DD800340D8B /* UIViewController+Extensions.swift */; };
		23F4160D29258C030070B851 /* AppDelegate.swift in Sources */ = {isa = PBXBuildFile; fileRef = 23F4160C29258C030070B851 /* AppDelegate.swift */; };
		23F4160F29258C030070B851 /* SceneDelegate.swift in Sources */ = {isa = PBXBuildFile; fileRef = 23F4160E29258C030070B851 /* SceneDelegate.swift */; };
		23F4161629258C040070B851 /* Assets.xcassets in Resources */ = {isa = PBXBuildFile; fileRef = 23F4161529258C040070B851 /* Assets.xcassets */; };
		23F4161929258C040070B851 /* LaunchScreen.storyboard in Resources */ = {isa = PBXBuildFile; fileRef = 23F4161729258C040070B851 /* LaunchScreen.storyboard */; };
/* End PBXBuildFile section */

/* Begin PBXFileReference section */
		2382B53F2925923D00340D8B /* README.md */ = {isa = PBXFileReference; lastKnownFileType = net.daringfireball.markdown; path = README.md; sourceTree = "<group>"; };
		2382B543292597FC00340D8B /* HTTPMethod.swift */ = {isa = PBXFileReference; lastKnownFileType = sourcecode.swift; path = HTTPMethod.swift; sourceTree = "<group>"; };
		2382B5452925981000340D8B /* AbsolutePath.swift */ = {isa = PBXFileReference; lastKnownFileType = sourcecode.swift; path = AbsolutePath.swift; sourceTree = "<group>"; };
		2382B5472925982200340D8B /* Server.swift */ = {isa = PBXFileReference; lastKnownFileType = sourcecode.swift; path = Server.swift; sourceTree = "<group>"; };
		2382B5492925983B00340D8B /* HeaderComponent.swift */ = {isa = PBXFileReference; lastKnownFileType = sourcecode.swift; path = HeaderComponent.swift; sourceTree = "<group>"; };
		2382B54B2925985100340D8B /* NetworkError.swift */ = {isa = PBXFileReference; lastKnownFileType = sourcecode.swift; path = NetworkError.swift; sourceTree = "<group>"; };
		2382B54F29259A4100340D8B /* Logger.swift */ = {isa = PBXFileReference; lastKnownFileType = sourcecode.swift; path = Logger.swift; sourceTree = "<group>"; };
		2382B55229259A6200340D8B /* LoggerProviderType.swift */ = {isa = PBXFileReference; lastKnownFileType = sourcecode.swift; path = LoggerProviderType.swift; sourceTree = "<group>"; };
		2382B55429259A7C00340D8B /* LocalLoggerProvider.swift */ = {isa = PBXFileReference; lastKnownFileType = sourcecode.swift; path = LocalLoggerProvider.swift; sourceTree = "<group>"; };
		2382B55729259ABD00340D8B /* PrettyPrintedLog+Extension.swift */ = {isa = PBXFileReference; lastKnownFileType = sourcecode.swift; path = "PrettyPrintedLog+Extension.swift"; sourceTree = "<group>"; };
		2382B55929259ACE00340D8B /* Encodable+Extension.swift */ = {isa = PBXFileReference; lastKnownFileType = sourcecode.swift; path = "Encodable+Extension.swift"; sourceTree = "<group>"; };
		2382B55B29259ADE00340D8B /* String+Extension.swift */ = {isa = PBXFileReference; lastKnownFileType = sourcecode.swift; path = "String+Extension.swift"; sourceTree = "<group>"; };
		2382B56029259B9C00340D8B /* HomeViewController.swift */ = {isa = PBXFileReference; lastKnownFileType = sourcecode.swift; path = HomeViewController.swift; sourceTree = "<group>"; };
		2382B56129259B9C00340D8B /* HomeViewController.xib */ = {isa = PBXFileReference; lastKnownFileType = file.xib; path = HomeViewController.xib; sourceTree = "<group>"; };
		2382B56829259DD800340D8B /* UIViewController+Extensions.swift */ = {isa = PBXFileReference; lastKnownFileType = sourcecode.swift; path = "UIViewController+Extensions.swift"; sourceTree = "<group>"; };
		23F4160929258C030070B851 /* Networking.app */ = {isa = PBXFileReference; explicitFileType = wrapper.application; includeInIndex = 0; path = Networking.app; sourceTree = BUILT_PRODUCTS_DIR; };
		23F4160C29258C030070B851 /* AppDelegate.swift */ = {isa = PBXFileReference; lastKnownFileType = sourcecode.swift; path = AppDelegate.swift; sourceTree = "<group>"; };
		23F4160E29258C030070B851 /* SceneDelegate.swift */ = {isa = PBXFileReference; lastKnownFileType = sourcecode.swift; path = SceneDelegate.swift; sourceTree = "<group>"; };
		23F4161529258C040070B851 /* Assets.xcassets */ = {isa = PBXFileReference; lastKnownFileType = folder.assetcatalog; path = Assets.xcassets; sourceTree = "<group>"; };
		23F4161829258C040070B851 /* Base */ = {isa = PBXFileReference; lastKnownFileType = file.storyboard; name = Base; path = Base.lproj/LaunchScreen.storyboard; sourceTree = "<group>"; };
		23F4161A29258C040070B851 /* Info.plist */ = {isa = PBXFileReference; lastKnownFileType = text.plist.xml; path = Info.plist; sourceTree = "<group>"; };
/* End PBXFileReference section */

/* Begin PBXFrameworksBuildPhase section */
		23F4160629258C030070B851 /* Frameworks */ = {
			isa = PBXFrameworksBuildPhase;
			buildActionMask = 2147483647;
			files = (
			);
			runOnlyForDeploymentPostprocessing = 0;
		};
/* End PBXFrameworksBuildPhase section */

/* Begin PBXGroup section */
		2382B541292597E600340D8B /* Data */ = {
			isa = PBXGroup;
			children = (
				2382B542292597ED00340D8B /* Helpers */,
			);
			path = Data;
			sourceTree = "<group>";
		};
		2382B542292597ED00340D8B /* Helpers */ = {
			isa = PBXGroup;
			children = (
				2382B55629259AB100340D8B /* Extensions */,
				2382B543292597FC00340D8B /* HTTPMethod.swift */,
				2382B5452925981000340D8B /* AbsolutePath.swift */,
				2382B5472925982200340D8B /* Server.swift */,
				2382B5492925983B00340D8B /* HeaderComponent.swift */,
				2382B54B2925985100340D8B /* NetworkError.swift */,
			);
			path = Helpers;
			sourceTree = "<group>";
		};
		2382B54D29259A2A00340D8B /* Utilities */ = {
			isa = PBXGroup;
			children = (
				2382B56729259DC000340D8B /* Extensions */,
				2382B54E29259A3500340D8B /* Logger */,
			);
			path = Utilities;
			sourceTree = "<group>";
		};
		2382B54E29259A3500340D8B /* Logger */ = {
			isa = PBXGroup;
			children = (
				2382B54F29259A4100340D8B /* Logger.swift */,
				2382B55129259A5400340D8B /* Providers */,
			);
			path = Logger;
			sourceTree = "<group>";
		};
		2382B55129259A5400340D8B /* Providers */ = {
			isa = PBXGroup;
			children = (
				2382B55229259A6200340D8B /* LoggerProviderType.swift */,
				2382B55429259A7C00340D8B /* LocalLoggerProvider.swift */,
			);
			path = Providers;
			sourceTree = "<group>";
		};
		2382B55629259AB100340D8B /* Extensions */ = {
			isa = PBXGroup;
			children = (
				2382B55729259ABD00340D8B /* PrettyPrintedLog+Extension.swift */,
				2382B55929259ACE00340D8B /* Encodable+Extension.swift */,
				2382B55B29259ADE00340D8B /* String+Extension.swift */,
			);
			path = Extensions;
			sourceTree = "<group>";
		};
		2382B55D29259B3B00340D8B /* Application Delegates */ = {
			isa = PBXGroup;
			children = (
				23F4160C29258C030070B851 /* AppDelegate.swift */,
				23F4160E29258C030070B851 /* SceneDelegate.swift */,
			);
			path = "Application Delegates";
			sourceTree = "<group>";
		};
		2382B55E29259B4F00340D8B /* Application Screens */ = {
			isa = PBXGroup;
			children = (
				2382B56429259BD900340D8B /* Launch */,
				2382B55F29259B8700340D8B /* Home */,
			);
			path = "Application Screens";
			sourceTree = "<group>";
		};
		2382B55F29259B8700340D8B /* Home */ = {
			isa = PBXGroup;
			children = (
				2382B56029259B9C00340D8B /* HomeViewController.swift */,
				2382B56129259B9C00340D8B /* HomeViewController.xib */,
			);
			path = Home;
			sourceTree = "<group>";
		};
		2382B56429259BD900340D8B /* Launch */ = {
			isa = PBXGroup;
			children = (
				23F4161729258C040070B851 /* LaunchScreen.storyboard */,
			);
			path = Launch;
			sourceTree = "<group>";
		};
		2382B56529259BF700340D8B /* Resources */ = {
			isa = PBXGroup;
			children = (
				23F4161529258C040070B851 /* Assets.xcassets */,
			);
			path = Resources;
			sourceTree = "<group>";
		};
		2382B56629259C0100340D8B /* Configurations */ = {
			isa = PBXGroup;
			children = (
				23F4161A29258C040070B851 /* Info.plist */,
			);
			path = Configurations;
			sourceTree = "<group>";
		};
		2382B56729259DC000340D8B /* Extensions */ = {
			isa = PBXGroup;
			children = (
				2382B56829259DD800340D8B /* UIViewController+Extensions.swift */,
			);
			path = Extensions;
			sourceTree = "<group>";
		};
		23F4160029258C030070B851 = {
			isa = PBXGroup;
			children = (
				2382B53F2925923D00340D8B /* README.md */,
				23F4160B29258C030070B851 /* Networking */,
				23F4160A29258C030070B851 /* Products */,
			);
			sourceTree = "<group>";
		};
		23F4160A29258C030070B851 /* Products */ = {
			isa = PBXGroup;
			children = (
				23F4160929258C030070B851 /* Networking.app */,
			);
			name = Products;
			sourceTree = "<group>";
		};
		23F4160B29258C030070B851 /* Networking */ = {
			isa = PBXGroup;
			children = (
				2382B55D29259B3B00340D8B /* Application Delegates */,
				2382B56629259C0100340D8B /* Configurations */,
				2382B56529259BF700340D8B /* Resources */,
				2382B54D29259A2A00340D8B /* Utilities */,
				2382B541292597E600340D8B /* Data */,
				2382B55E29259B4F00340D8B /* Application Screens */,
			);
			path = Networking;
			sourceTree = "<group>";
		};
/* End PBXGroup section */

/* Begin PBXNativeTarget section */
		23F4160829258C030070B851 /* Networking */ = {
			isa = PBXNativeTarget;
			buildConfigurationList = 23F4161D29258C040070B851 /* Build configuration list for PBXNativeTarget "Networking" */;
			buildPhases = (
				23F4160529258C030070B851 /* Sources */,
				23F4160629258C030070B851 /* Frameworks */,
				23F4160729258C030070B851 /* Resources */,
			);
			buildRules = (
			);
			dependencies = (
			);
			name = Networking;
			productName = Networking;
			productReference = 23F4160929258C030070B851 /* Networking.app */;
			productType = "com.apple.product-type.application";
		};
/* End PBXNativeTarget section */

/* Begin PBXProject section */
		23F4160129258C030070B851 /* Project object */ = {
			isa = PBXProject;
			attributes = {
				BuildIndependentTargetsInParallel = 1;
				LastSwiftUpdateCheck = 1400;
				LastUpgradeCheck = 1400;
				TargetAttributes = {
					23F4160829258C030070B851 = {
						CreatedOnToolsVersion = 14.0.1;
					};
				};
			};
			buildConfigurationList = 23F4160429258C030070B851 /* Build configuration list for PBXProject "Networking" */;
			compatibilityVersion = "Xcode 14.0";
			developmentRegion = en;
			hasScannedForEncodings = 0;
			knownRegions = (
				en,
				Base,
			);
			mainGroup = 23F4160029258C030070B851;
			productRefGroup = 23F4160A29258C030070B851 /* Products */;
			projectDirPath = "";
			projectRoot = "";
			targets = (
				23F4160829258C030070B851 /* Networking */,
			);
		};
/* End PBXProject section */

/* Begin PBXResourcesBuildPhase section */
		23F4160729258C030070B851 /* Resources */ = {
			isa = PBXResourcesBuildPhase;
			buildActionMask = 2147483647;
			files = (
				23F4161929258C040070B851 /* LaunchScreen.storyboard in Resources */,
				23F4161629258C040070B851 /* Assets.xcassets in Resources */,
				2382B56329259B9C00340D8B /* HomeViewController.xib in Resources */,
				2382B5402925923D00340D8B /* README.md in Resources */,
			);
			runOnlyForDeploymentPostprocessing = 0;
		};
/* End PBXResourcesBuildPhase section */

/* Begin PBXSourcesBuildPhase section */
		23F4160529258C030070B851 /* Sources */ = {
			isa = PBXSourcesBuildPhase;
			buildActionMask = 2147483647;
			files = (
				2382B55329259A6200340D8B /* LoggerProviderType.swift in Sources */,
				2382B544292597FC00340D8B /* HTTPMethod.swift in Sources */,
				2382B54C2925985100340D8B /* NetworkError.swift in Sources */,
				2382B5462925981000340D8B /* AbsolutePath.swift in Sources */,
				2382B55A29259ACE00340D8B /* Encodable+Extension.swift in Sources */,
				2382B56229259B9C00340D8B /* HomeViewController.swift in Sources */,
				2382B54A2925983B00340D8B /* HeaderComponent.swift in Sources */,
				2382B56929259DD800340D8B /* UIViewController+Extensions.swift in Sources */,
				2382B55529259A7C00340D8B /* LocalLoggerProvider.swift in Sources */,
				2382B55029259A4100340D8B /* Logger.swift in Sources */,
				2382B55C29259ADE00340D8B /* String+Extension.swift in Sources */,
				23F4160D29258C030070B851 /* AppDelegate.swift in Sources */,
				2382B5482925982200340D8B /* Server.swift in Sources */,
				2382B55829259ABD00340D8B /* PrettyPrintedLog+Extension.swift in Sources */,
				23F4160F29258C030070B851 /* SceneDelegate.swift in Sources */,
			);
			runOnlyForDeploymentPostprocessing = 0;
		};
/* End PBXSourcesBuildPhase section */

/* Begin PBXVariantGroup section */
		23F4161729258C040070B851 /* LaunchScreen.storyboard */ = {
			isa = PBXVariantGroup;
			children = (
				23F4161829258C040070B851 /* Base */,
			);
			name = LaunchScreen.storyboard;
			sourceTree = "<group>";
		};
/* End PBXVariantGroup section */

/* Begin XCBuildConfiguration section */
		23F4161B29258C040070B851 /* Debug */ = {
			isa = XCBuildConfiguration;
			buildSettings = {
				ALWAYS_SEARCH_USER_PATHS = NO;
				CLANG_ANALYZER_NONNULL = YES;
				CLANG_ANALYZER_NUMBER_OBJECT_CONVERSION = YES_AGGRESSIVE;
				CLANG_CXX_LANGUAGE_STANDARD = "gnu++20";
				CLANG_ENABLE_MODULES = YES;
				CLANG_ENABLE_OBJC_ARC = YES;
				CLANG_ENABLE_OBJC_WEAK = YES;
				CLANG_WARN_BLOCK_CAPTURE_AUTORELEASING = YES;
				CLANG_WARN_BOOL_CONVERSION = YES;
				CLANG_WARN_COMMA = YES;
				CLANG_WARN_CONSTANT_CONVERSION = YES;
				CLANG_WARN_DEPRECATED_OBJC_IMPLEMENTATIONS = YES;
				CLANG_WARN_DIRECT_OBJC_ISA_USAGE = YES_ERROR;
				CLANG_WARN_DOCUMENTATION_COMMENTS = YES;
				CLANG_WARN_EMPTY_BODY = YES;
				CLANG_WARN_ENUM_CONVERSION = YES;
				CLANG_WARN_INFINITE_RECURSION = YES;
				CLANG_WARN_INT_CONVERSION = YES;
				CLANG_WARN_NON_LITERAL_NULL_CONVERSION = YES;
				CLANG_WARN_OBJC_IMPLICIT_RETAIN_SELF = YES;
				CLANG_WARN_OBJC_LITERAL_CONVERSION = YES;
				CLANG_WARN_OBJC_ROOT_CLASS = YES_ERROR;
				CLANG_WARN_QUOTED_INCLUDE_IN_FRAMEWORK_HEADER = YES;
				CLANG_WARN_RANGE_LOOP_ANALYSIS = YES;
				CLANG_WARN_STRICT_PROTOTYPES = YES;
				CLANG_WARN_SUSPICIOUS_MOVE = YES;
				CLANG_WARN_UNGUARDED_AVAILABILITY = YES_AGGRESSIVE;
				CLANG_WARN_UNREACHABLE_CODE = YES;
				CLANG_WARN__DUPLICATE_METHOD_MATCH = YES;
				COPY_PHASE_STRIP = NO;
				DEBUG_INFORMATION_FORMAT = dwarf;
				ENABLE_STRICT_OBJC_MSGSEND = YES;
				ENABLE_TESTABILITY = YES;
				GCC_C_LANGUAGE_STANDARD = gnu11;
				GCC_DYNAMIC_NO_PIC = NO;
				GCC_NO_COMMON_BLOCKS = YES;
				GCC_OPTIMIZATION_LEVEL = 0;
				GCC_PREPROCESSOR_DEFINITIONS = (
					"DEBUG=1",
					"$(inherited)",
				);
				GCC_WARN_64_TO_32_BIT_CONVERSION = YES;
				GCC_WARN_ABOUT_RETURN_TYPE = YES_ERROR;
				GCC_WARN_UNDECLARED_SELECTOR = YES;
				GCC_WARN_UNINITIALIZED_AUTOS = YES_AGGRESSIVE;
				GCC_WARN_UNUSED_FUNCTION = YES;
				GCC_WARN_UNUSED_VARIABLE = YES;
				IPHONEOS_DEPLOYMENT_TARGET = 16.0;
				MTL_ENABLE_DEBUG_INFO = INCLUDE_SOURCE;
				MTL_FAST_MATH = YES;
				ONLY_ACTIVE_ARCH = YES;
				SDKROOT = iphoneos;
				SWIFT_ACTIVE_COMPILATION_CONDITIONS = DEBUG;
				SWIFT_OPTIMIZATION_LEVEL = "-Onone";
			};
			name = Debug;
		};
		23F4161C29258C040070B851 /* Release */ = {
			isa = XCBuildConfiguration;
			buildSettings = {
				ALWAYS_SEARCH_USER_PATHS = NO;
				CLANG_ANALYZER_NONNULL = YES;
				CLANG_ANALYZER_NUMBER_OBJECT_CONVERSION = YES_AGGRESSIVE;
				CLANG_CXX_LANGUAGE_STANDARD = "gnu++20";
				CLANG_ENABLE_MODULES = YES;
				CLANG_ENABLE_OBJC_ARC = YES;
				CLANG_ENABLE_OBJC_WEAK = YES;
				CLANG_WARN_BLOCK_CAPTURE_AUTORELEASING = YES;
				CLANG_WARN_BOOL_CONVERSION = YES;
				CLANG_WARN_COMMA = YES;
				CLANG_WARN_CONSTANT_CONVERSION = YES;
				CLANG_WARN_DEPRECATED_OBJC_IMPLEMENTATIONS = YES;
				CLANG_WARN_DIRECT_OBJC_ISA_USAGE = YES_ERROR;
				CLANG_WARN_DOCUMENTATION_COMMENTS = YES;
				CLANG_WARN_EMPTY_BODY = YES;
				CLANG_WARN_ENUM_CONVERSION = YES;
				CLANG_WARN_INFINITE_RECURSION = YES;
				CLANG_WARN_INT_CONVERSION = YES;
				CLANG_WARN_NON_LITERAL_NULL_CONVERSION = YES;
				CLANG_WARN_OBJC_IMPLICIT_RETAIN_SELF = YES;
				CLANG_WARN_OBJC_LITERAL_CONVERSION = YES;
				CLANG_WARN_OBJC_ROOT_CLASS = YES_ERROR;
				CLANG_WARN_QUOTED_INCLUDE_IN_FRAMEWORK_HEADER = YES;
				CLANG_WARN_RANGE_LOOP_ANALYSIS = YES;
				CLANG_WARN_STRICT_PROTOTYPES = YES;
				CLANG_WARN_SUSPICIOUS_MOVE = YES;
				CLANG_WARN_UNGUARDED_AVAILABILITY = YES_AGGRESSIVE;
				CLANG_WARN_UNREACHABLE_CODE = YES;
				CLANG_WARN__DUPLICATE_METHOD_MATCH = YES;
				COPY_PHASE_STRIP = NO;
				DEBUG_INFORMATION_FORMAT = "dwarf-with-dsym";
				ENABLE_NS_ASSERTIONS = NO;
				ENABLE_STRICT_OBJC_MSGSEND = YES;
				GCC_C_LANGUAGE_STANDARD = gnu11;
				GCC_NO_COMMON_BLOCKS = YES;
				GCC_WARN_64_TO_32_BIT_CONVERSION = YES;
				GCC_WARN_ABOUT_RETURN_TYPE = YES_ERROR;
				GCC_WARN_UNDECLARED_SELECTOR = YES;
				GCC_WARN_UNINITIALIZED_AUTOS = YES_AGGRESSIVE;
				GCC_WARN_UNUSED_FUNCTION = YES;
				GCC_WARN_UNUSED_VARIABLE = YES;
				IPHONEOS_DEPLOYMENT_TARGET = 16.0;
				MTL_ENABLE_DEBUG_INFO = NO;
				MTL_FAST_MATH = YES;
				SDKROOT = iphoneos;
				SWIFT_COMPILATION_MODE = wholemodule;
				SWIFT_OPTIMIZATION_LEVEL = "-O";
				VALIDATE_PRODUCT = YES;
			};
			name = Release;
		};
		23F4161E29258C040070B851 /* Debug */ = {
			isa = XCBuildConfiguration;
			buildSettings = {
				ASSETCATALOG_COMPILER_APPICON_NAME = AppIcon;
				ASSETCATALOG_COMPILER_GLOBAL_ACCENT_COLOR_NAME = AccentColor;
				CODE_SIGN_STYLE = Automatic;
				CURRENT_PROJECT_VERSION = 1;
				GENERATE_INFOPLIST_FILE = YES;
				INFOPLIST_FILE = Networking/Configurations/Info.plist;
				INFOPLIST_KEY_UIApplicationSupportsIndirectInputEvents = YES;
				INFOPLIST_KEY_UILaunchStoryboardName = LaunchScreen;
				INFOPLIST_KEY_UISupportedInterfaceOrientations_iPad = "UIInterfaceOrientationPortrait UIInterfaceOrientationPortraitUpsideDown UIInterfaceOrientationLandscapeLeft UIInterfaceOrientationLandscapeRight";
				INFOPLIST_KEY_UISupportedInterfaceOrientations_iPhone = "UIInterfaceOrientationPortrait UIInterfaceOrientationLandscapeLeft UIInterfaceOrientationLandscapeRight";
				LD_RUNPATH_SEARCH_PATHS = (
					"$(inherited)",
					"@executable_path/Frameworks",
				);
				MARKETING_VERSION = 1.0;
				PRODUCT_BUNDLE_IDENTIFIER = com.Networking;
				PRODUCT_NAME = "$(TARGET_NAME)";
				SWIFT_EMIT_LOC_STRINGS = YES;
				SWIFT_VERSION = 5.0;
				TARGETED_DEVICE_FAMILY = "1,2";
			};
			name = Debug;
		};
		23F4161F29258C040070B851 /* Release */ = {
			isa = XCBuildConfiguration;
			buildSettings = {
				ASSETCATALOG_COMPILER_APPICON_NAME = AppIcon;
				ASSETCATALOG_COMPILER_GLOBAL_ACCENT_COLOR_NAME = AccentColor;
				CODE_SIGN_STYLE = Automatic;
				CURRENT_PROJECT_VERSION = 1;
				GENERATE_INFOPLIST_FILE = YES;
				INFOPLIST_FILE = Networking/Configurations/Info.plist;
				INFOPLIST_KEY_UIApplicationSupportsIndirectInputEvents = YES;
				INFOPLIST_KEY_UILaunchStoryboardName = LaunchScreen;
				INFOPLIST_KEY_UISupportedInterfaceOrientations_iPad = "UIInterfaceOrientationPortrait UIInterfaceOrientationPortraitUpsideDown UIInterfaceOrientationLandscapeLeft UIInterfaceOrientationLandscapeRight";
				INFOPLIST_KEY_UISupportedInterfaceOrientations_iPhone = "UIInterfaceOrientationPortrait UIInterfaceOrientationLandscapeLeft UIInterfaceOrientationLandscapeRight";
				LD_RUNPATH_SEARCH_PATHS = (
					"$(inherited)",
					"@executable_path/Frameworks",
				);
				MARKETING_VERSION = 1.0;
				PRODUCT_BUNDLE_IDENTIFIER = com.Networking;
				PRODUCT_NAME = "$(TARGET_NAME)";
				SWIFT_EMIT_LOC_STRINGS = YES;
				SWIFT_VERSION = 5.0;
				TARGETED_DEVICE_FAMILY = "1,2";
			};
			name = Release;
		};
/* End XCBuildConfiguration section */

/* Begin XCConfigurationList section */
		23F4160429258C030070B851 /* Build configuration list for PBXProject "Networking" */ = {
			isa = XCConfigurationList;
			buildConfigurations = (
				23F4161B29258C040070B851 /* Debug */,
				23F4161C29258C040070B851 /* Release */,
			);
			defaultConfigurationIsVisible = 0;
			defaultConfigurationName = Release;
		};
		23F4161D29258C040070B851 /* Build configuration list for PBXNativeTarget "Networking" */ = {
			isa = XCConfigurationList;
			buildConfigurations = (
				23F4161E29258C040070B851 /* Debug */,
				23F4161F29258C040070B851 /* Release */,
			);
			defaultConfigurationIsVisible = 0;
			defaultConfigurationName = Release;
		};
/* End XCConfigurationList section */
	};
	rootObject = 23F4160129258C030070B851 /* Project object */;
}
